
Microsoft Visual Studio Solution File, Format Version 12.00
# Visual Studio Version 17
VisualStudioVersion = 17.0.32126.317
MinimumVisualStudioVersion = 10.0.40219.1
Project("{9A19103F-16F7-4668-BE54-9A1E7A4F7556}") = "TektonProductsAPI", "TektonProductsAPI.csproj", "{8D497FDC-4443-4913-A788-E6946759E249}"
EndProject
Project("{FAE04EC0-301F-11D3-BF4B-00C04F79EFBC}") = "TektonProductsAPI.Tests", "..\TektonProductsAPI.Tests\TektonProductsAPI.Tests.csproj", "{65F9ECD1-44DA-4438-9859-E233267D62D9}"
EndProject
Global
	GlobalSection(SolutionConfigurationPlatforms) = preSolution
		Debug|Any CPU = Debug|Any CPU
		Release|Any CPU = Release|Any CPU
	EndGlobalSection
	GlobalSection(ProjectConfigurationPlatforms) = postSolution
		{8D497FDC-4443-4913-A788-E6946759E249}.Debug|Any CPU.ActiveCfg = Debug|Any CPU
		{8D497FDC-4443-4913-A788-E6946759E249}.Debug|Any CPU.Build.0 = Debug|Any CPU
		{8D497FDC-4443-4913-A788-E6946759E249}.Release|Any CPU.ActiveCfg = Release|Any CPU
		{8D497FDC-4443-4913-A788-E6946759E249}.Release|Any CPU.Build.0 = Release|Any CPU
		{65F9ECD1-44DA-4438-9859-E233267D62D9}.Debug|Any CPU.ActiveCfg = Debug|Any CPU
		{65F9ECD1-44DA-4438-9859-E233267D62D9}.Debug|Any CPU.Build.0 = Debug|Any CPU
		{65F9ECD1-44DA-4438-9859-E233267D62D9}.Release|Any CPU.ActiveCfg = Release|Any CPU
		{65F9ECD1-44DA-4438-9859-E233267D62D9}.Release|Any CPU.Build.0 = Release|Any CPU
	EndGlobalSection
	GlobalSection(SolutionProperties) = preSolution
		HideSolutionNode = FALSE
	EndGlobalSection
	GlobalSection(ExtensibilityGlobals) = postSolution
		SolutionGuid = {0308ABE5-4414-4AD0-859B-1232F4544AB6}
	EndGlobalSection
EndGlobal
